{
  "name": "urchinmodels",
  "version": "1.0.0",
  "lockfileVersion": 3,
  "requires": true,
  "packages": {
    "": {
      "name": "urchinmodels",
      "version": "1.0.0",
      "license": "ISC",
      "dependencies": {
        "agentscript": "^0.10.22"
      }
    },
    "node_modules/agentscript": {
      "version": "0.10.22",
      "resolved": "https://registry.npmjs.org/agentscript/-/agentscript-0.10.22.tgz",
      "integrity": "sha512-s5W/wD00MjeiUSaOjH788oTegonmRzqbwjrhqrG2UVEu1aq7uSV+7nu05AF7gOC3eETSKpnl6+wQAwv4Mbd/Hw==",
      "dependencies": {
        "three": "^0.120.0",
        "uplot": "^1.6.25"
      }
    },
    "node_modules/three": {
      "version": "0.120.1",
      "resolved": "https://registry.npmjs.org/three/-/three-0.120.1.tgz",
      "integrity": "sha512-ktaCRFUR7JUZcKec+cBRz+oBex5pOVaJhrtxvFF2T7on53o9UkEux+/Nh1g/4zeb4t/pbxIFcADbn/ACu3LC1g=="
    },
    "node_modules/uplot": {
      "version": "1.6.30",
      "resolved": "https://registry.npmjs.org/uplot/-/uplot-1.6.30.tgz",
      "integrity": "sha512-48oVVRALM/128ttW19F2a2xobc2WfGdJ0VJFX00099CfqbCTuML7L2OrTKxNzeFP34eo1+yJbqFSoFAp2u28/Q=="
    }
  }
}
